{
  "name": "bga-qwixxtikoflano",
  "version": "1.0.0",
  "lockfileVersion": 3,
  "requires": true,
  "packages": {
    "": {
      "devDependencies": {
        "@prettier/plugin-php": "^0.22.4",
        "bga-ts-template": "^2.0.6",
        "prettier": "^3.5.3",
        "typescript": "^5.8.3"
      }
    },
    "node_modules/@prettier/plugin-php": {
      "version": "0.22.4",
      "resolved": "https://registry.npmjs.org/@prettier/plugin-php/-/plugin-php-0.22.4.tgz",
      "integrity": "sha512-uZWqfyrwsxScIYkmVcfnoQGFmKVMXTHD5pqYT4l8fxzm5P3XY94hTPbf8X6TFCi2QTZBIot7GS8lfIjQjldc2g==",
      "dev": true,
      "license": "MIT",
      "dependencies": {
        "linguist-languages": "^7.27.0",
        "php-parser": "^3.1.5"
      },
      "peerDependencies": {
        "prettier": "^3.0.0"
      }
    },
    "node_modules/bga-ts-template": {
      "version": "2.0.6",
      "resolved": "https://registry.npmjs.org/bga-ts-template/-/bga-ts-template-2.0.6.tgz",
      "integrity": "sha512-kfwNIEUgcCg4+oo+Y6NcQf7Vxpn1N0VFzP18ZfhP3UxWpdMD80SEpdbvFLNM1Tnx18sT6M+wYzkM1Q7IUHsYMw==",
      "dev": true,
      "license": "ISC",
      "bin": {
        "bga-build": "bin/bga-build.js",
        "bga-init": "bin/bga-init.js"
      }
    },
    "node_modules/linguist-languages": {
      "version": "7.30.0",
      "resolved": "https://registry.npmjs.org/linguist-languages/-/linguist-languages-7.30.0.tgz",
      "integrity": "sha512-/mR2Ip16dSeYlYm9ekRLIQWy2b9IiTYuwsBbqZX7FF0Vkmg5myT8ALwHHxt5kTadHziegAAda+i4zEJxR5NdNw==",
      "dev": true,
      "license": "MIT"
    },
    "node_modules/php-parser": {
      "version": "3.2.3",
      "resolved": "https://registry.npmjs.org/php-parser/-/php-parser-3.2.3.tgz",
      "integrity": "sha512-Kyu33y36aRed6HUi7ZS8EDG9/ZBz4lx/cJgoQui1B/x0L0ZCbCiBstdGnlGgufk8YwcLsk4J9VK9auXoL4Jz8A==",
      "dev": true,
      "license": "BSD-3-Clause"
    },
    "node_modules/prettier": {
      "version": "3.5.3",
      "resolved": "https://registry.npmjs.org/prettier/-/prettier-3.5.3.tgz",
      "integrity": "sha512-QQtaxnoDJeAkDvDKWCLiwIXkTgRhwYDEQCghU9Z6q03iyek/rxRh/2lC3HB7P8sWT2xC/y5JDctPLBIGzHKbhw==",
      "dev": true,
      "license": "MIT",
      "bin": {
        "prettier": "bin/prettier.cjs"
      },
      "engines": {
        "node": ">=14"
      },
      "funding": {
        "url": "https://github.com/prettier/prettier?sponsor=1"
      }
    },
    "node_modules/typescript": {
      "version": "5.8.3",
      "resolved": "https://registry.npmjs.org/typescript/-/typescript-5.8.3.tgz",
      "integrity": "sha512-p1diW6TqL9L07nNxvRMM7hMMw4c5XOo/1ibL4aAIGmSAt9slTE1Xgw5KWuof2uTOvCg9BY7ZRi+GaF+7sfgPeQ==",
      "dev": true,
      "license": "Apache-2.0",
      "bin": {
        "tsc": "bin/tsc",
        "tsserver": "bin/tsserver"
      },
      "engines": {
        "node": ">=14.17"
      }
    }
  }
}
